
Microsoft Visual Studio Solution File, Format Version 12.00
# Visual Studio 15
VisualStudioVersion = 15.0.28307.329
MinimumVisualStudioVersion = 10.0.40219.1
Project("{FAE04EC0-301F-11D3-BF4B-00C04F79EFBC}") = "AccountStatistics.Console", "AccountStatistics.Console\AccountStatistics.Console.csproj", "{31B0974D-DE13-460F-B32B-98BD9B8CDF1A}"
EndProject
Project("{FAE04EC0-301F-11D3-BF4B-00C04F79EFBC}") = "AccountStatistics.Infrastructure", "AccountStatistics.Infrastructure\AccountStatistics.Infrastructure.csproj", "{5A0651C5-E3E4-4566-A565-41873E1CC808}"
EndProject
Project("{FAE04EC0-301F-11D3-BF4B-00C04F79EFBC}") = "AccountStatistics.Tests", "AccountStatistics.Tests\AccountStatistics.Tests.csproj", "{97F9B330-0D39-4E44-B107-12203830F839}"
EndProject
Global
	GlobalSection(SolutionConfigurationPlatforms) = preSolution
		Debug|Any CPU = Debug|Any CPU
		Release|Any CPU = Release|Any CPU
	EndGlobalSection
	GlobalSection(ProjectConfigurationPlatforms) = postSolution
		{31B0974D-DE13-460F-B32B-98BD9B8CDF1A}.Debug|Any CPU.ActiveCfg = Debug|Any CPU
		{31B0974D-DE13-460F-B32B-98BD9B8CDF1A}.Debug|Any CPU.Build.0 = Debug|Any CPU
		{31B0974D-DE13-460F-B32B-98BD9B8CDF1A}.Release|Any CPU.ActiveCfg = Release|Any CPU
		{31B0974D-DE13-460F-B32B-98BD9B8CDF1A}.Release|Any CPU.Build.0 = Release|Any CPU
		{5A0651C5-E3E4-4566-A565-41873E1CC808}.Debug|Any CPU.ActiveCfg = Debug|Any CPU
		{5A0651C5-E3E4-4566-A565-41873E1CC808}.Debug|Any CPU.Build.0 = Debug|Any CPU
		{5A0651C5-E3E4-4566-A565-41873E1CC808}.Release|Any CPU.ActiveCfg = Release|Any CPU
		{5A0651C5-E3E4-4566-A565-41873E1CC808}.Release|Any CPU.Build.0 = Release|Any CPU
		{97F9B330-0D39-4E44-B107-12203830F839}.Debug|Any CPU.ActiveCfg = Debug|Any CPU
		{97F9B330-0D39-4E44-B107-12203830F839}.Debug|Any CPU.Build.0 = Debug|Any CPU
		{97F9B330-0D39-4E44-B107-12203830F839}.Release|Any CPU.ActiveCfg = Release|Any CPU
		{97F9B330-0D39-4E44-B107-12203830F839}.Release|Any CPU.Build.0 = Release|Any CPU
	EndGlobalSection
	GlobalSection(SolutionProperties) = preSolution
		HideSolutionNode = FALSE
	EndGlobalSection
	GlobalSection(ExtensibilityGlobals) = postSolution
		SolutionGuid = {8A3B1A4B-CB14-4E27-84F0-623E419DA007}
	EndGlobalSection
EndGlobal
